
Microsoft Visual Studio Solution File, Format Version 12.00
# Visual Studio Version 17
VisualStudioVersion = 17.5.33502.453
MinimumVisualStudioVersion = 10.0.40219.1
Project("{FAE04EC0-301F-11D3-BF4B-00C04F79EFBC}") = "AzureOpenAIGPT", "AzureOpenAIGPT.csproj", "{2D712B6B-249E-4F5E-A506-C31DBAD9B6B8}"
EndProject
Global
	GlobalSection(SolutionConfigurationPlatforms) = preSolution
		Debug|Any CPU = Debug|Any CPU
		Release|Any CPU = Release|Any CPU
	EndGlobalSection
	GlobalSection(ProjectConfigurationPlatforms) = postSolution
		{2D712B6B-249E-4F5E-A506-C31DBAD9B6B8}.Debug|Any CPU.ActiveCfg = Debug|Any CPU
		{2D712B6B-249E-4F5E-A506-C31DBAD9B6B8}.Debug|Any CPU.Build.0 = Debug|Any CPU
		{2D712B6B-249E-4F5E-A506-C31DBAD9B6B8}.Release|Any CPU.ActiveCfg = Release|Any CPU
		{2D712B6B-249E-4F5E-A506-C31DBAD9B6B8}.Release|Any CPU.Build.0 = Release|Any CPU
	EndGlobalSection
	GlobalSection(SolutionProperties) = preSolution
		HideSolutionNode = FALSE
	EndGlobalSection
	GlobalSection(ExtensibilityGlobals) = postSolution
		SolutionGuid = {51ED3B6C-CA3F-4B5C-9C06-EB1BA94D47DC}
	EndGlobalSection
EndGlobal
